
Microsoft Visual Studio Solution File, Format Version 12.00
# Visual Studio Version 16
VisualStudioVersion = 16.0.32929.386
MinimumVisualStudioVersion = 10.0.40219.1
Project("{8BC9CEB8-8B4A-11D0-8D11-00A0C91BC942}") = "HelloCV", "HelloCV.vcxproj", "{21F91E9B-26B3-4A3D-B0D6-B25B254ABEEB}"
EndProject
Global
	GlobalSection(SolutionConfigurationPlatforms) = preSolution
		Debug|x64 = Debug|x64
		Debug|x86 = Debug|x86
		Release|x64 = Release|x64
		Release|x86 = Release|x86
	EndGlobalSection
	GlobalSection(ProjectConfigurationPlatforms) = postSolution
		{21F91E9B-26B3-4A3D-B0D6-B25B254ABEEB}.Debug|x64.ActiveCfg = Debug|x64
		{21F91E9B-26B3-4A3D-B0D6-B25B254ABEEB}.Debug|x64.Build.0 = Debug|x64
		{21F91E9B-26B3-4A3D-B0D6-B25B254ABEEB}.Debug|x86.ActiveCfg = Debug|Win32
		{21F91E9B-26B3-4A3D-B0D6-B25B254ABEEB}.Debug|x86.Build.0 = Debug|Win32
		{21F91E9B-26B3-4A3D-B0D6-B25B254ABEEB}.Release|x64.ActiveCfg = Release|x64
		{21F91E9B-26B3-4A3D-B0D6-B25B254ABEEB}.Release|x64.Build.0 = Release|x64
		{21F91E9B-26B3-4A3D-B0D6-B25B254ABEEB}.Release|x86.ActiveCfg = Release|Win32
		{21F91E9B-26B3-4A3D-B0D6-B25B254ABEEB}.Release|x86.Build.0 = Release|Win32
	EndGlobalSection
	GlobalSection(SolutionProperties) = preSolution
		HideSolutionNode = FALSE
	EndGlobalSection
	GlobalSection(ExtensibilityGlobals) = postSolution
		SolutionGuid = {5A6DAE07-870B-46B4-8E39-5D24E25E25FE}
	EndGlobalSection
EndGlobal
